<?xml version="1.0" encoding="UTF-8" standalone="yes" ?>
<CodeBlocks_project_file>
	<FileVersion major="1" minor="6" />
	<Project>
		<Option title="FlameIDE" />
		<Option platforms="Unix;" />
		<Option compiler="gnu_gcc_compiler_48" />
		<Build>
			<Target title="Debug">
				<Option output="bin/Debug/FlameIDE" prefix_auto="1" extension_auto="1" />
				<Option object_output="obj/Debug/" />
				<Option type="1" />
				<Option compiler="gnu_gcc_compiler_48" />
				<Compiler>
					<Add option="-std=c++11" />
					<Add option="-Wall" />
					<Add option="-g" />
					<Add option="-DDEBUG" />
					<Add directory="src/CodeParcer" />
					<Add directory="src/MsgInterface" />
					<Add directory="src/Store/Project" />
					<Add directory="src/Store/File" />
					<Add directory="src/Store" />
					<Add directory="src/Actions" />
					<Add directory="src/Tests" />
				</Compiler>
			</Target>
			<Target title="Release">
				<Option output="bin/Release/FlameIDE" prefix_auto="1" extension_auto="1" />
				<Option object_output="obj/Release/" />
				<Option type="1" />
				<Option compiler="gnu_gcc_compiler_48" />
				<Compiler>
					<Add option="-O2" />
					<Add option="-std=c++11" />
					<Add option="-Wall" />
					<Add directory="src/CodeParcer" />
					<Add directory="src/MsgInterface" />
					<Add directory="src/Store/Project" />
					<Add directory="src/Store/File" />
					<Add directory="src/Store" />
					<Add directory="src/Actions" />
					<Add directory="src/Tests" />
				</Compiler>
				<Linker>
					<Add option="-s" />
				</Linker>
			</Target>
		</Build>
		<Compiler>
			<Add option="-std=c++11" />
			<Add option="-Wall" />
			<Add option="-fexceptions" />
		</Compiler>
		<Unit filename="Makefile">
			<Option target="&lt;{~None~}&gt;" />
		</Unit>
		<Unit filename="src/Actions/CodeParcer.cpp" />
		<Unit filename="src/Actions/CodeParcer.h" />
		<Unit filename="src/Actions/CommandLine.cpp" />
		<Unit filename="src/Actions/CommandLine.h" />
		<Unit filename="src/Bus/Consts_C.h" />
		<Unit filename="src/Bus/Consts_CPP.h" />
		<Unit filename="src/Bus/MsgInterface.cpp" />
		<Unit filename="src/Bus/MsgInterface.h" />
		<Unit filename="src/Store/File.cpp" />
		<Unit filename="src/Store/File.h" />
		<Unit filename="src/Store/Project.cpp" />
		<Unit filename="src/Store/Project.h" />
		<Unit filename="src/Store/Session.cpp" />
		<Unit filename="src/Store/Session.h" />
		<Unit filename="src/Tests/Test.cpp" />
		<Unit filename="src/Tests/Test.h" />
		<Unit filename="src/main.cpp" />
		<Extensions>
			<envvars />
			<code_completion />
			<lib_finder disable_auto="1" />
			<debugger />
		</Extensions>
	</Project>
</CodeBlocks_project_file>
